<Solution>
  <Folder Name="/_Framework/" />
  <Folder Name="/_Framework/Permissions.Abstractions/">
    <Project Path="_Framework/Permissions.Abstractions/TKWF.Ext.Permissions.Abstractions.csproj" />
  </Folder>
  <Folder Name="/_Framework/Permissions.Validation/">
    <Project Path="_Framework/Permissions.Validation/TKWF.Ext.Permissions.Validation.csproj" />
  </Folder>
  <Folder Name="/_Framework/Permissions/">
    <Project Path="_Framework/Permissions/TKWF.Ext.Permissions.csproj" />
  </Folder>
  <Folder Name="/_Framework/Tagging/">
    <Project Path="_Framework/Tagging/TKWF.Ext.Tagging.csproj" />
  </Folder>
  <Folder Name="/_Framework/AuditLogging/">
    <Project Path="_Framework/AuditLogging/TKWF.Ext.AuditLogging.csproj" />
  </Folder>
  <Folder Name="/_Framework/Settings/">
    <Project Path="_Framework/Settings/TKWF.Ext.Settings.csproj" />
  </Folder>
  <Folder Name="/_Framework/Emailing/">
    <Project Path="_Framework/Emailing/TKWF.Ext.Emailing.csproj" />
  </Folder>
  <Folder Name="/_Framework/BlobStoring/">
    <Project Path="_Framework/BlobStoring/TKWF.Ext.BlobStoring.csproj" />
  </Folder>
  <Folder Name="/_Framework/Identity/">
    <Project Path="_Framework/Identity/TKWF.Ext.Identity.csproj" />
  </Folder>
  <Folder Name="/_Framework/Account/">
    <Project Path="_Framework/Account/TKWF.Ext.Account.csproj" />
  </Folder>
  <Folder Name="/_Tests/" />
  <Folder Name="/_Tests/Extension.Tagging.Tests/">
    <Project Path="_Tests/Extension.Tagging.Tests/TKWF.Ext.Tagging.Tests.csproj" />
  </Folder>
  <Folder Name="/_Tests/Extension.Permissions.Tests/">
    <Project Path="_Tests/Extension.Permissions.Tests/TKWF.Ext.Permissions.Tests.csproj" />
  </Folder>
  <Folder Name="/_Tests/Extension.Permissions.Consumer/">
    <Project Path="_Tests/Extension.Permissions.Consumer/TKWF.Ext.Permissions.Consumer.Tests.csproj" />
  </Folder>
  <Folder Name="/_Tests/Extension.Permissions.Validation.Tests/">
    <Project Path="_Tests/Extension.Permissions.Validation.Tests/TKWF.Ext.Permissions.Validation.Tests.csproj" />
  </Folder>
  <Folder Name="/_Tests/Extension.AuditLogging.Tests/">
    <Project Path="_Tests/Extension.AuditLogging.Tests/TKWF.Ext.AuditLogging.Tests.csproj" />
  </Folder>
  <Folder Name="/_Tests/Extension.Settings.Tests/">
    <Project Path="_Tests/Extension.Settings.Tests/TKWF.Ext.Settings.Tests.csproj" />
  </Folder>
  <Folder Name="/_Tests/Extension.Emailing.Tests/">
    <Project Path="_Tests/Extension.Emailing.Tests/TKWF.Ext.Emailing.Tests.csproj" />
  </Folder>
  <Folder Name="/_Tests/Extension.BlobStoring.Tests/">
    <Project Path="_Tests/Extension.BlobStoring.Tests/TKWF.Ext.BlobStoring.Tests.csproj" />
  </Folder>
  <Folder Name="/_Tests/Extension.Identity.Tests/">
    <Project Path="_Tests/Extension.Identity.Tests/TKWF.Ext.Identity.Tests.csproj" />
  </Folder>
  <Folder Name="/_Tests/Extension.Account.Tests/">
    <Project Path="_Tests/Extension.Account.Tests/TKWF.Ext.Account.Tests.csproj" />
  </Folder>
</Solution>