<Solution>
  <Folder Name="/_Framework/" />
  <Folder Name="/_Framework/Permissions.Abstractions/">
    <Project Path="_Framework/Permissions.Abstractions/TKWF.Ext.Permissions.Abstractions.csproj" />
  </Folder>
  <Folder Name="/_Framework/Permissions/">
    <Project Path="_Framework/Permissions/TKWF.Ext.Permissions.csproj" />
  </Folder>
  <Folder Name="/_Framework/Tagging/">
    <Project Path="_Framework/Tagging/TKWF.Ext.Tagging.csproj" />
  </Folder>
  <Folder Name="/_Framework/AuditLogging/">
    <Project Path="_Framework/AuditLogging/TKWF.Ext.AuditLogging.csproj" />
  </Folder>
  <Folder Name="/_Framework/Settings/">
    <Project Path="_Framework/Settings/TKWF.Ext.Settings.csproj" />
  </Folder>
  <Folder Name="/_Tests/" />
  <Folder Name="/_Tests/Extension.Tagging.Tests/">
    <Project Path="_Tests/Extension.Tagging.Tests/TKWF.Ext.Tagging.Tests.csproj" />
  </Folder>
  <Folder Name="/_Tests/Extension.Permissions.Tests/">
    <Project Path="_Tests/Extension.Permissions.Tests/TKWF.Ext.Permissions.Tests.csproj" />
  </Folder>
  <Folder Name="/_Tests/Extension.Permissions.Consumer/">
    <Project Path="_Tests/Extension.Permissions.Consumer/TKWF.Ext.Permissions.Consumer.Tests.csproj" />
  </Folder>
  <Folder Name="/_Tests/Extension.AuditLogging.Tests/">
    <Project Path="_Tests/Extension.AuditLogging.Tests/TKWF.Ext.AuditLogging.Tests.csproj" />
  </Folder>
  <Folder Name="/_Tests/Extension.Settings.Tests/">
    <Project Path="_Tests/Extension.Settings.Tests/TKWF.Ext.Settings.Tests.csproj" />
  </Folder>
</Solution>