<Solution>
  <Folder Name="/_Framework/" />
  <Folder Name="/_Framework/Permissions.Abstractions/">
    <Project Path="_Framework/Permissions.Abstractions/TKWF.Ext.Permissions.Abstractions.csproj" />
  </Folder>
  <Folder Name="/_Framework/Permissions.Validation/">
    <Project Path="_Framework/Permissions.Validation/TKWF.Ext.Permissions.Validation.csproj" />
  </Folder>
  <Folder Name="/_Framework/Permissions/">
    <Project Path="_Framework/Permissions/TKWF.Ext.Permissions.csproj" />
  </Folder>
  <Folder Name="/_Framework/Tagging/">
    <Project Path="_Framework/Tagging/TKWF.Ext.Tagging.csproj" />
  </Folder>
  <Folder Name="/_Framework/AuditLogging/">
    <Project Path="_Framework/AuditLogging/TKWF.Ext.AuditLogging.csproj" />
  </Folder>
  <Folder Name="/_Framework/Settings/">
    <Project Path="_Framework/Settings/TKWF.Ext.Settings.csproj" />
  </Folder>
  <Folder Name="/_Framework/Emailing/">
    <Project Path="_Framework/Emailing/TKWF.Ext.Emailing.csproj" />
  </Folder>
  <Folder Name="/_Framework/BlobStoring/">
    <Project Path="_Framework/BlobStoring/TKWF.Ext.BlobStoring.csproj" />
  </Folder>
  <Folder Name="/_Framework/Identity/">
    <Project Path="_Framework/Identity/TKWF.Ext.Identity.csproj" />
  </Folder>
  <Folder Name="/_Framework/Account.Abstractions/">
    <Project Path="_Framework/Account.Abstractions/TKWF.Ext.Account.Abstractions.csproj" />
  </Folder>
  <Folder Name="/_Framework/Account/">
    <Project Path="_Framework/Account/TKWF.Ext.Account.csproj" />
  </Folder>
  <Folder Name="/_Framework/Navigation/">
    <Project Path="_Framework/Navigation/TKWF.Ext.Navigation.csproj" />
  </Folder>
  <Folder Name="/_Framework/DataDictionary/">
    <Project Path="_Framework/DataDictionary/TKWF.Ext.DataDictionary.csproj" />
  </Folder>
  <Folder Name="/_Framework/Metrics/">
    <Project Path="_Framework/Metrics/TKWF.Ext.Metrics.csproj" />
  </Folder>
  <Folder Name="/_Framework/PrintTemplates/">
    <Project Path="_Framework/PrintTemplates/TKWF.Ext.PrintTemplates.csproj" />
  </Folder>
  <Folder Name="/_Framework/Dashboard/">
    <Project Path="_Framework/Dashboard/TKWF.Ext.Dashboard.csproj" />
  </Folder>
  <Folder Name="/_Framework/DataPort/">
    <Project Path="_Framework/DataPort/TKWF.Ext.DataPort.csproj" />
  </Folder>
  <Folder Name="/_Framework/Notifications/">
    <Project Path="_Framework/Notifications/TKWF.Ext.Notifications.csproj" />
  </Folder>
  <Folder Name="/_Framework/BackgroundJobs/">
    <Project Path="_Framework/BackgroundJobs/TKWF.Ext.BackgroundJobs.csproj" />
  </Folder>
  <Folder Name="/_Framework/BackgroundJobs.Quartz/">
    <Project Path="_Framework/BackgroundJobs.Quartz/TKWF.Ext.BackgroundJobs.Quartz.csproj" />
  </Folder>
  <Folder Name="/_Framework/HealthCheck/">
    <Project Path="_Framework/HealthCheck/TKWF.Ext.HealthCheck.csproj" />
  </Folder>
  <Folder Name="/_Framework/RateLimiting/">
    <Project Path="_Framework/RateLimiting/TKWF.Ext.RateLimiting.csproj" />
  </Folder>
  <Folder Name="/_Framework/SecurityLog/">
    <Project Path="_Framework/SecurityLog/TKWF.Ext.SecurityLog.csproj" />
  </Folder>
  <Folder Name="/_Framework/Approval/">
    <Project Path="_Framework/Approval/TKWF.Ext.Approval.csproj" />
  </Folder>
  <Folder Name="/_Tests/" />
  <Folder Name="/_Tests/Extension.Tagging.Tests/">
    <Project Path="_Tests/Extension.Tagging.Tests/TKWF.Ext.Tagging.Tests.csproj" />
  </Folder>
  <Folder Name="/_Tests/Extension.Permissions.Tests/">
    <Project Path="_Tests/Extension.Permissions.Tests/TKWF.Ext.Permissions.Tests.csproj" />
  </Folder>
  <Folder Name="/_Tests/Extension.Permissions.Consumer/">
    <Project Path="_Tests/Extension.Permissions.Consumer/TKWF.Ext.Permissions.Consumer.Tests.csproj" />
  </Folder>
  <Folder Name="/_Tests/Extension.Permissions.Validation.Tests/">
    <Project Path="_Tests/Extension.Permissions.Validation.Tests/TKWF.Ext.Permissions.Validation.Tests.csproj" />
  </Folder>
  <Folder Name="/_Tests/Extension.AuditLogging.Tests/">
    <Project Path="_Tests/Extension.AuditLogging.Tests/TKWF.Ext.AuditLogging.Tests.csproj" />
  </Folder>
  <Folder Name="/_Tests/Extension.Settings.Tests/">
    <Project Path="_Tests/Extension.Settings.Tests/TKWF.Ext.Settings.Tests.csproj" />
  </Folder>
  <Folder Name="/_Tests/Extension.Emailing.Tests/">
    <Project Path="_Tests/Extension.Emailing.Tests/TKWF.Ext.Emailing.Tests.csproj" />
  </Folder>
  <Folder Name="/_Tests/Extension.BlobStoring.Tests/">
    <Project Path="_Tests/Extension.BlobStoring.Tests/TKWF.Ext.BlobStoring.Tests.csproj" />
  </Folder>
  <Folder Name="/_Tests/Extension.Navigation.Tests/">
    <Project Path="_Tests/Extension.Navigation.Tests/TKWF.Ext.Navigation.Tests.csproj" />
  </Folder>
  <Folder Name="/_Tests/Extension.DataDictionary.Tests/">
    <Project Path="_Tests/Extension.DataDictionary.Tests/TKWF.Ext.DataDictionary.Tests.csproj" />
  </Folder>
  <Folder Name="/_Tests/Extension.Metrics.Tests/">
    <Project Path="_Tests/Extension.Metrics.Tests/TKWF.Ext.Metrics.Tests.csproj" />
  </Folder>
  <Folder Name="/_Tests/Extension.Identity.Tests/">
    <Project Path="_Tests/Extension.Identity.Tests/TKWF.Ext.Identity.Tests.csproj" />
  </Folder>
  <Folder Name="/_Tests/Extension.Account.Tests/">
    <Project Path="_Tests/Extension.Account.Tests/TKWF.Ext.Account.Tests.csproj" />
  </Folder>
  <Folder Name="/_Tests/Extension.PrintTemplates.Tests/">
    <Project Path="_Tests/Extension.PrintTemplates.Tests/TKWF.Ext.PrintTemplates.Tests.csproj" />
  </Folder>
  <Folder Name="/_Tests/Extension.Dashboard.Tests/">
    <Project Path="_Tests/Extension.Dashboard.Tests/TKWF.Ext.Dashboard.Tests.csproj" />
  </Folder>
  <Folder Name="/_Tests/Extension.DataPort.Tests/">
    <Project Path="_Tests/Extension.DataPort.Tests/TKWF.Ext.DataPort.Tests.csproj" />
  </Folder>
  <Folder Name="/_Tests/Extension.Notifications.Tests/">
    <Project Path="_Tests/Extension.Notifications.Tests/TKWF.Ext.Notifications.Tests.csproj" />
  </Folder>
  <Folder Name="/_Tests/Extension.BackgroundJobs.Tests/">
    <Project Path="_Tests/Extension.BackgroundJobs.Tests/TKWF.Ext.BackgroundJobs.Tests.csproj" />
  </Folder>
  <Folder Name="/_Tests/Extension.BackgroundJobs.Quartz.Tests/">
    <Project Path="_Tests/Extension.BackgroundJobs.Quartz.Tests/TKWF.Ext.BackgroundJobs.Quartz.Tests.csproj" />
  </Folder>
  <Folder Name="/_Tests/Extension.HealthCheck.Tests/">
    <Project Path="_Tests/Extension.HealthCheck.Tests/TKWF.Ext.HealthCheck.Tests.csproj" />
  </Folder>
  <Folder Name="/_Tests/Extension.RateLimiting.Tests/">
    <Project Path="_Tests/Extension.RateLimiting.Tests/TKWF.Ext.RateLimiting.Tests.csproj" />
  </Folder>
  <Folder Name="/_Tests/Extension.SecurityLog.Tests/">
    <Project Path="_Tests/Extension.SecurityLog.Tests/TKWF.Ext.SecurityLog.Tests.csproj" />
  </Folder>
  <Folder Name="/_Tests/Extension.Approval.Tests/">
    <Project Path="_Tests/Extension.Approval.Tests/TKWF.Ext.Approval.Tests.csproj" />
  </Folder>
</Solution>